github.com/hugo-sid/hugo-blog-awesome v1.19.1 h1:EF0GwcTQDR7OQd958/fHxXwb6THgUw4GpF4wlKVIZCw=
github.com/hugo-sid/hugo-blog-awesome v1.19.1/go.mod h1:3XVERF66wgQpTsruOajS5Swr+uvyTzov1acafNaqm1E=
github.com/hugo-sid/hugo-blog-awesome/exampleSite v0.0.0-20250309160029-b06d22f9c52e h1:8JGDl3I6anlytIMvriLH8kDKBqCsCmU+jrRAxj0Wl20=
github.com/hugo-sid/hugo-blog-awesome/exampleSite v0.0.0-20250309160029-b06d22f9c52e/go.mod h1:K7S7i97FXQ2Hz2ytH+8tEOOrovFqUAEa7oTCM3WW3/c=
